
Microsoft Visual Studio Solution File, Format Version 12.00
# Visual Studio Version 16
VisualStudioVersion = 16.0.31005.135
MinimumVisualStudioVersion = 10.0.40219.1
Project("{FAE04EC0-301F-11D3-BF4B-00C04F79EFBC}") = "ThirdLab", "ThirdLab\ThirdLab.csproj", "{0DBE8876-6373-4783-9790-6D97AB42D34B}"
EndProject
Global
	GlobalSection(SolutionConfigurationPlatforms) = preSolution
		Debug|Any CPU = Debug|Any CPU
		Release|Any CPU = Release|Any CPU
	EndGlobalSection
	GlobalSection(ProjectConfigurationPlatforms) = postSolution
		{0DBE8876-6373-4783-9790-6D97AB42D34B}.Debug|Any CPU.ActiveCfg = Debug|Any CPU
		{0DBE8876-6373-4783-9790-6D97AB42D34B}.Debug|Any CPU.Build.0 = Debug|Any CPU
		{0DBE8876-6373-4783-9790-6D97AB42D34B}.Release|Any CPU.ActiveCfg = Release|Any CPU
		{0DBE8876-6373-4783-9790-6D97AB42D34B}.Release|Any CPU.Build.0 = Release|Any CPU
	EndGlobalSection
	GlobalSection(SolutionProperties) = preSolution
		HideSolutionNode = FALSE
	EndGlobalSection
	GlobalSection(ExtensibilityGlobals) = postSolution
		SolutionGuid = {0D24C5C7-F3D4-4BB5-A720-A5CBE1541E98}
	EndGlobalSection
EndGlobal
