
Microsoft Visual Studio Solution File, Format Version 12.00
# Visual Studio Version 16
VisualStudioVersion = 16.0.30114.105
MinimumVisualStudioVersion = 10.0.40219.1
Project("{FAE04EC0-301F-11D3-BF4B-00C04F79EFBC}") = "Lab2", "Lab2\Lab2.csproj", "{947D7877-8CB5-459A-BEF9-3AD40740B2A4}"
EndProject
Global
	GlobalSection(SolutionConfigurationPlatforms) = preSolution
		Debug|Any CPU = Debug|Any CPU
		Release|Any CPU = Release|Any CPU
	EndGlobalSection
	GlobalSection(ProjectConfigurationPlatforms) = postSolution
		{947D7877-8CB5-459A-BEF9-3AD40740B2A4}.Debug|Any CPU.ActiveCfg = Debug|Any CPU
		{947D7877-8CB5-459A-BEF9-3AD40740B2A4}.Debug|Any CPU.Build.0 = Debug|Any CPU
		{947D7877-8CB5-459A-BEF9-3AD40740B2A4}.Release|Any CPU.ActiveCfg = Release|Any CPU
		{947D7877-8CB5-459A-BEF9-3AD40740B2A4}.Release|Any CPU.Build.0 = Release|Any CPU
	EndGlobalSection
	GlobalSection(SolutionProperties) = preSolution
		HideSolutionNode = FALSE
	EndGlobalSection
	GlobalSection(ExtensibilityGlobals) = postSolution
		SolutionGuid = {87F89A2B-201B-44F6-B5D7-2136C90E3768}
	EndGlobalSection
EndGlobal
